// !$*UTF8*$!
{
	archiveVersion = 1;
	classes = {
	};
	objectVersion = 56;
	objects = {

/* Begin PBXBuildFile section */
		4801867B295FD45E00D58251 /* FavoritesViewController.swift in Sources */ = {isa = PBXBuildFile; fileRef = 4801867A295FD45E00D58251 /* FavoritesViewController.swift */; };
		4801867D295FD48D00D58251 /* TabBarViewController.swift in Sources */ = {isa = PBXBuildFile; fileRef = 4801867C295FD48D00D58251 /* TabBarViewController.swift */; };
		4801867F2960E96D00D58251 /* FollowersViewController.swift in Sources */ = {isa = PBXBuildFile; fileRef = 4801867E2960E96D00D58251 /* FollowersViewController.swift */; };
		480186812960EFDB00D58251 /* GFAlert.swift in Sources */ = {isa = PBXBuildFile; fileRef = 480186802960EFDB00D58251 /* GFAlert.swift */; };
		480186832960F3CA00D58251 /* UIViewController+.swift in Sources */ = {isa = PBXBuildFile; fileRef = 480186822960F3CA00D58251 /* UIViewController+.swift */; };
		480186862963887500D58251 /* Network.swift in Sources */ = {isa = PBXBuildFile; fileRef = 480186852963887500D58251 /* Network.swift */; };
		48018688296388A700D58251 /* User.swift in Sources */ = {isa = PBXBuildFile; fileRef = 48018687296388A700D58251 /* User.swift */; };
		4806E8A4295519BF00D40672 /* AppDelegate.swift in Sources */ = {isa = PBXBuildFile; fileRef = 4806E8A3295519BF00D40672 /* AppDelegate.swift */; };
		4806E8A6295519BF00D40672 /* SceneDelegate.swift in Sources */ = {isa = PBXBuildFile; fileRef = 4806E8A5295519BF00D40672 /* SceneDelegate.swift */; };
		4806E8A8295519BF00D40672 /* SearchViewController.swift in Sources */ = {isa = PBXBuildFile; fileRef = 4806E8A7295519BF00D40672 /* SearchViewController.swift */; };
		4806E8AD295519C100D40672 /* Assets.xcassets in Resources */ = {isa = PBXBuildFile; fileRef = 4806E8AC295519C100D40672 /* Assets.xcassets */; };
		4806E8B0295519C100D40672 /* LaunchScreen.storyboard in Resources */ = {isa = PBXBuildFile; fileRef = 4806E8AE295519C100D40672 /* LaunchScreen.storyboard */; };
		4806E8B929562AD900D40672 /* GFTextField.swift in Sources */ = {isa = PBXBuildFile; fileRef = 4806E8B829562AD900D40672 /* GFTextField.swift */; };
		486C45E1295679AD002CD646 /* GFButton.swift in Sources */ = {isa = PBXBuildFile; fileRef = 486C45E0295679AD002CD646 /* GFButton.swift */; };
		486C45E4295682CC002CD646 /* Color+.swift in Sources */ = {isa = PBXBuildFile; fileRef = 486C45E3295682CC002CD646 /* Color+.swift */; };
		48B2F69129648C6E00E203A1 /* Follower.swift in Sources */ = {isa = PBXBuildFile; fileRef = 48B2F69029648C6E00E203A1 /* Follower.swift */; };
		48B2F694296510FE00E203A1 /* ErrorMessage.swift in Sources */ = {isa = PBXBuildFile; fileRef = 48B2F693296510FE00E203A1 /* ErrorMessage.swift */; };
		48B2F6962965A87000E203A1 /* GFFollowerCell.swift in Sources */ = {isa = PBXBuildFile; fileRef = 48B2F6952965A87000E203A1 /* GFFollowerCell.swift */; };
		48B2F6982965AA4900E203A1 /* GFAvatarImageView.swift in Sources */ = {isa = PBXBuildFile; fileRef = 48B2F6972965AA4900E203A1 /* GFAvatarImageView.swift */; };
		48B4BD7329664219005A8724 /* GFLoader.swift in Sources */ = {isa = PBXBuildFile; fileRef = 48B4BD7229664219005A8724 /* GFLoader.swift */; };
		48B4BD7529665E0E005A8724 /* GFEmptyView.swift in Sources */ = {isa = PBXBuildFile; fileRef = 48B4BD7429665E0E005A8724 /* GFEmptyView.swift */; };
		48B4BD772967017D005A8724 /* UserViewController.swift in Sources */ = {isa = PBXBuildFile; fileRef = 48B4BD762967017D005A8724 /* UserViewController.swift */; };
		48B4BD7B29674212005A8724 /* GFUserInfoHeaderView.swift in Sources */ = {isa = PBXBuildFile; fileRef = 48B4BD7A29674212005A8724 /* GFUserInfoHeaderView.swift */; };
/* End PBXBuildFile section */

/* Begin PBXFileReference section */
		4801867A295FD45E00D58251 /* FavoritesViewController.swift */ = {isa = PBXFileReference; lastKnownFileType = sourcecode.swift; path = FavoritesViewController.swift; sourceTree = "<group>"; };
		4801867C295FD48D00D58251 /* TabBarViewController.swift */ = {isa = PBXFileReference; lastKnownFileType = sourcecode.swift; path = TabBarViewController.swift; sourceTree = "<group>"; };
		4801867E2960E96D00D58251 /* FollowersViewController.swift */ = {isa = PBXFileReference; lastKnownFileType = sourcecode.swift; path = FollowersViewController.swift; sourceTree = "<group>"; };
		480186802960EFDB00D58251 /* GFAlert.swift */ = {isa = PBXFileReference; lastKnownFileType = sourcecode.swift; path = GFAlert.swift; sourceTree = "<group>"; };
		480186822960F3CA00D58251 /* UIViewController+.swift */ = {isa = PBXFileReference; lastKnownFileType = sourcecode.swift; path = "UIViewController+.swift"; sourceTree = "<group>"; };
		480186852963887500D58251 /* Network.swift */ = {isa = PBXFileReference; lastKnownFileType = sourcecode.swift; path = Network.swift; sourceTree = "<group>"; };
		48018687296388A700D58251 /* User.swift */ = {isa = PBXFileReference; lastKnownFileType = sourcecode.swift; path = User.swift; sourceTree = "<group>"; };
		4806E8A0295519BF00D40672 /* GithubApp.app */ = {isa = PBXFileReference; explicitFileType = wrapper.application; includeInIndex = 0; path = GithubApp.app; sourceTree = BUILT_PRODUCTS_DIR; };
		4806E8A3295519BF00D40672 /* AppDelegate.swift */ = {isa = PBXFileReference; lastKnownFileType = sourcecode.swift; path = AppDelegate.swift; sourceTree = "<group>"; };
		4806E8A5295519BF00D40672 /* SceneDelegate.swift */ = {isa = PBXFileReference; lastKnownFileType = sourcecode.swift; path = SceneDelegate.swift; sourceTree = "<group>"; };
		4806E8A7295519BF00D40672 /* SearchViewController.swift */ = {isa = PBXFileReference; lastKnownFileType = sourcecode.swift; path = SearchViewController.swift; sourceTree = "<group>"; };
		4806E8AC295519C100D40672 /* Assets.xcassets */ = {isa = PBXFileReference; lastKnownFileType = folder.assetcatalog; path = Assets.xcassets; sourceTree = "<group>"; };
		4806E8AF295519C100D40672 /* Base */ = {isa = PBXFileReference; lastKnownFileType = file.storyboard; name = Base; path = Base.lproj/LaunchScreen.storyboard; sourceTree = "<group>"; };
		4806E8B1295519C100D40672 /* Info.plist */ = {isa = PBXFileReference; lastKnownFileType = text.plist.xml; path = Info.plist; sourceTree = "<group>"; };
		4806E8B829562AD900D40672 /* GFTextField.swift */ = {isa = PBXFileReference; lastKnownFileType = sourcecode.swift; path = GFTextField.swift; sourceTree = "<group>"; };
		486C45E0295679AD002CD646 /* GFButton.swift */ = {isa = PBXFileReference; lastKnownFileType = sourcecode.swift; path = GFButton.swift; sourceTree = "<group>"; };
		486C45E3295682CC002CD646 /* Color+.swift */ = {isa = PBXFileReference; lastKnownFileType = sourcecode.swift; path = "Color+.swift"; sourceTree = "<group>"; };
		48B2F69029648C6E00E203A1 /* Follower.swift */ = {isa = PBXFileReference; lastKnownFileType = sourcecode.swift; path = Follower.swift; sourceTree = "<group>"; };
		48B2F693296510FE00E203A1 /* ErrorMessage.swift */ = {isa = PBXFileReference; lastKnownFileType = sourcecode.swift; path = ErrorMessage.swift; sourceTree = "<group>"; };
		48B2F6952965A87000E203A1 /* GFFollowerCell.swift */ = {isa = PBXFileReference; lastKnownFileType = sourcecode.swift; path = GFFollowerCell.swift; sourceTree = "<group>"; };
		48B2F6972965AA4900E203A1 /* GFAvatarImageView.swift */ = {isa = PBXFileReference; lastKnownFileType = sourcecode.swift; path = GFAvatarImageView.swift; sourceTree = "<group>"; };
		48B4BD7229664219005A8724 /* GFLoader.swift */ = {isa = PBXFileReference; lastKnownFileType = sourcecode.swift; path = GFLoader.swift; sourceTree = "<group>"; };
		48B4BD7429665E0E005A8724 /* GFEmptyView.swift */ = {isa = PBXFileReference; lastKnownFileType = sourcecode.swift; path = GFEmptyView.swift; sourceTree = "<group>"; };
		48B4BD762967017D005A8724 /* UserViewController.swift */ = {isa = PBXFileReference; lastKnownFileType = sourcecode.swift; path = UserViewController.swift; sourceTree = "<group>"; };
		48B4BD7A29674212005A8724 /* GFUserInfoHeaderView.swift */ = {isa = PBXFileReference; lastKnownFileType = sourcecode.swift; path = GFUserInfoHeaderView.swift; sourceTree = "<group>"; };
/* End PBXFileReference section */

/* Begin PBXFrameworksBuildPhase section */
		4806E89D295519BF00D40672 /* Frameworks */ = {
			isa = PBXFrameworksBuildPhase;
			buildActionMask = 2147483647;
			files = (
			);
			runOnlyForDeploymentPostprocessing = 0;
		};
/* End PBXFrameworksBuildPhase section */

/* Begin PBXGroup section */
		48018679295FD43600D58251 /* ViewControllers */ = {
			isa = PBXGroup;
			children = (
				4806E8A7295519BF00D40672 /* SearchViewController.swift */,
				4801867A295FD45E00D58251 /* FavoritesViewController.swift */,
				4801867C295FD48D00D58251 /* TabBarViewController.swift */,
				4801867E2960E96D00D58251 /* FollowersViewController.swift */,
				48B4BD762967017D005A8724 /* UserViewController.swift */,
			);
			path = ViewControllers;
			sourceTree = "<group>";
		};
		480186842963886900D58251 /* Services */ = {
			isa = PBXGroup;
			children = (
				480186852963887500D58251 /* Network.swift */,
			);
			path = Services;
			sourceTree = "<group>";
		};
		48018689296388AB00D58251 /* Models */ = {
			isa = PBXGroup;
			children = (
				48018687296388A700D58251 /* User.swift */,
				48B2F69029648C6E00E203A1 /* Follower.swift */,
			);
			path = Models;
			sourceTree = "<group>";
		};
		4806E897295519BF00D40672 = {
			isa = PBXGroup;
			children = (
				4806E8A2295519BF00D40672 /* GithubApp */,
				4806E8A1295519BF00D40672 /* Products */,
			);
			sourceTree = "<group>";
		};
		4806E8A1295519BF00D40672 /* Products */ = {
			isa = PBXGroup;
			children = (
				4806E8A0295519BF00D40672 /* GithubApp.app */,
			);
			name = Products;
			sourceTree = "<group>";
		};
		4806E8A2295519BF00D40672 /* GithubApp */ = {
			isa = PBXGroup;
			children = (
				48B2F692296510C900E203A1 /* Utils */,
				48018689296388AB00D58251 /* Models */,
				480186842963886900D58251 /* Services */,
				48018679295FD43600D58251 /* ViewControllers */,
				486C45E2295682C0002CD646 /* Extensions */,
				4806E8B729562AB800D40672 /* Views */,
				4806E8A3295519BF00D40672 /* AppDelegate.swift */,
				4806E8A5295519BF00D40672 /* SceneDelegate.swift */,
				4806E8AC295519C100D40672 /* Assets.xcassets */,
				4806E8AE295519C100D40672 /* LaunchScreen.storyboard */,
				4806E8B1295519C100D40672 /* Info.plist */,
			);
			path = GithubApp;
			sourceTree = "<group>";
		};
		4806E8B729562AB800D40672 /* Views */ = {
			isa = PBXGroup;
			children = (
				48B4BD79296741E6005A8724 /* Custom Views */,
				48B4BD78296741DF005A8724 /* Common Components */,
			);
			path = Views;
			sourceTree = "<group>";
		};
		486C45E2295682C0002CD646 /* Extensions */ = {
			isa = PBXGroup;
			children = (
				486C45E3295682CC002CD646 /* Color+.swift */,
				480186822960F3CA00D58251 /* UIViewController+.swift */,
			);
			path = Extensions;
			sourceTree = "<group>";
		};
		48B2F692296510C900E203A1 /* Utils */ = {
			isa = PBXGroup;
			children = (
				48B2F693296510FE00E203A1 /* ErrorMessage.swift */,
			);
			path = Utils;
			sourceTree = "<group>";
		};
		48B4BD78296741DF005A8724 /* Common Components */ = {
			isa = PBXGroup;
			children = (
				4806E8B829562AD900D40672 /* GFTextField.swift */,
				486C45E0295679AD002CD646 /* GFButton.swift */,
				480186802960EFDB00D58251 /* GFAlert.swift */,
				48B4BD7229664219005A8724 /* GFLoader.swift */,
			);
			path = "Common Components";
			sourceTree = "<group>";
		};
		48B4BD79296741E6005A8724 /* Custom Views */ = {
			isa = PBXGroup;
			children = (
				48B4BD7429665E0E005A8724 /* GFEmptyView.swift */,
				48B2F6972965AA4900E203A1 /* GFAvatarImageView.swift */,
				48B2F6952965A87000E203A1 /* GFFollowerCell.swift */,
				48B4BD7A29674212005A8724 /* GFUserInfoHeaderView.swift */,
			);
			path = "Custom Views";
			sourceTree = "<group>";
		};
/* End PBXGroup section */

/* Begin PBXNativeTarget section */
		4806E89F295519BF00D40672 /* GithubApp */ = {
			isa = PBXNativeTarget;
			buildConfigurationList = 4806E8B4295519C100D40672 /* Build configuration list for PBXNativeTarget "GithubApp" */;
			buildPhases = (
				4806E89C295519BF00D40672 /* Sources */,
				4806E89D295519BF00D40672 /* Frameworks */,
				4806E89E295519BF00D40672 /* Resources */,
			);
			buildRules = (
			);
			dependencies = (
			);
			name = GithubApp;
			productName = GithubApp;
			productReference = 4806E8A0295519BF00D40672 /* GithubApp.app */;
			productType = "com.apple.product-type.application";
		};
/* End PBXNativeTarget section */

/* Begin PBXProject section */
		4806E898295519BF00D40672 /* Project object */ = {
			isa = PBXProject;
			attributes = {
				BuildIndependentTargetsInParallel = 1;
				LastSwiftUpdateCheck = 1410;
				LastUpgradeCheck = 1410;
				TargetAttributes = {
					4806E89F295519BF00D40672 = {
						CreatedOnToolsVersion = 14.1;
					};
				};
			};
			buildConfigurationList = 4806E89B295519BF00D40672 /* Build configuration list for PBXProject "GithubApp" */;
			compatibilityVersion = "Xcode 14.0";
			developmentRegion = en;
			hasScannedForEncodings = 0;
			knownRegions = (
				en,
				Base,
			);
			mainGroup = 4806E897295519BF00D40672;
			productRefGroup = 4806E8A1295519BF00D40672 /* Products */;
			projectDirPath = "";
			projectRoot = "";
			targets = (
				4806E89F295519BF00D40672 /* GithubApp */,
			);
		};
/* End PBXProject section */

/* Begin PBXResourcesBuildPhase section */
		4806E89E295519BF00D40672 /* Resources */ = {
			isa = PBXResourcesBuildPhase;
			buildActionMask = 2147483647;
			files = (
				4806E8B0295519C100D40672 /* LaunchScreen.storyboard in Resources */,
				4806E8AD295519C100D40672 /* Assets.xcassets in Resources */,
			);
			runOnlyForDeploymentPostprocessing = 0;
		};
/* End PBXResourcesBuildPhase section */

/* Begin PBXSourcesBuildPhase section */
		4806E89C295519BF00D40672 /* Sources */ = {
			isa = PBXSourcesBuildPhase;
			buildActionMask = 2147483647;
			files = (
				48B4BD7B29674212005A8724 /* GFUserInfoHeaderView.swift in Sources */,
				48018688296388A700D58251 /* User.swift in Sources */,
				48B4BD772967017D005A8724 /* UserViewController.swift in Sources */,
				48B2F69129648C6E00E203A1 /* Follower.swift in Sources */,
				4801867F2960E96D00D58251 /* FollowersViewController.swift in Sources */,
				4801867D295FD48D00D58251 /* TabBarViewController.swift in Sources */,
				480186862963887500D58251 /* Network.swift in Sources */,
				48B2F6982965AA4900E203A1 /* GFAvatarImageView.swift in Sources */,
				4806E8A8295519BF00D40672 /* SearchViewController.swift in Sources */,
				48B4BD7529665E0E005A8724 /* GFEmptyView.swift in Sources */,
				48B2F6962965A87000E203A1 /* GFFollowerCell.swift in Sources */,
				486C45E1295679AD002CD646 /* GFButton.swift in Sources */,
				48B2F694296510FE00E203A1 /* ErrorMessage.swift in Sources */,
				4801867B295FD45E00D58251 /* FavoritesViewController.swift in Sources */,
				48B4BD7329664219005A8724 /* GFLoader.swift in Sources */,
				4806E8A4295519BF00D40672 /* AppDelegate.swift in Sources */,
				4806E8B929562AD900D40672 /* GFTextField.swift in Sources */,
				4806E8A6295519BF00D40672 /* SceneDelegate.swift in Sources */,
				480186832960F3CA00D58251 /* UIViewController+.swift in Sources */,
				486C45E4295682CC002CD646 /* Color+.swift in Sources */,
				480186812960EFDB00D58251 /* GFAlert.swift in Sources */,
			);
			runOnlyForDeploymentPostprocessing = 0;
		};
/* End PBXSourcesBuildPhase section */

/* Begin PBXVariantGroup section */
		4806E8AE295519C100D40672 /* LaunchScreen.storyboard */ = {
			isa = PBXVariantGroup;
			children = (
				4806E8AF295519C100D40672 /* Base */,
			);
			name = LaunchScreen.storyboard;
			sourceTree = "<group>";
		};
/* End PBXVariantGroup section */

/* Begin XCBuildConfiguration section */
		4806E8B2295519C100D40672 /* Debug */ = {
			isa = XCBuildConfiguration;
			buildSettings = {
				ALWAYS_SEARCH_USER_PATHS = NO;
				CLANG_ANALYZER_NONNULL = YES;
				CLANG_ANALYZER_NUMBER_OBJECT_CONVERSION = YES_AGGRESSIVE;
				CLANG_CXX_LANGUAGE_STANDARD = "gnu++20";
				CLANG_ENABLE_MODULES = YES;
				CLANG_ENABLE_OBJC_ARC = YES;
				CLANG_ENABLE_OBJC_WEAK = YES;
				CLANG_WARN_BLOCK_CAPTURE_AUTORELEASING = YES;
				CLANG_WARN_BOOL_CONVERSION = YES;
				CLANG_WARN_COMMA = YES;
				CLANG_WARN_CONSTANT_CONVERSION = YES;
				CLANG_WARN_DEPRECATED_OBJC_IMPLEMENTATIONS = YES;
				CLANG_WARN_DIRECT_OBJC_ISA_USAGE = YES_ERROR;
				CLANG_WARN_DOCUMENTATION_COMMENTS = YES;
				CLANG_WARN_EMPTY_BODY = YES;
				CLANG_WARN_ENUM_CONVERSION = YES;
				CLANG_WARN_INFINITE_RECURSION = YES;
				CLANG_WARN_INT_CONVERSION = YES;
				CLANG_WARN_NON_LITERAL_NULL_CONVERSION = YES;
				CLANG_WARN_OBJC_IMPLICIT_RETAIN_SELF = YES;
				CLANG_WARN_OBJC_LITERAL_CONVERSION = YES;
				CLANG_WARN_OBJC_ROOT_CLASS = YES_ERROR;
				CLANG_WARN_QUOTED_INCLUDE_IN_FRAMEWORK_HEADER = YES;
				CLANG_WARN_RANGE_LOOP_ANALYSIS = YES;
				CLANG_WARN_STRICT_PROTOTYPES = YES;
				CLANG_WARN_SUSPICIOUS_MOVE = YES;
				CLANG_WARN_UNGUARDED_AVAILABILITY = YES_AGGRESSIVE;
				CLANG_WARN_UNREACHABLE_CODE = YES;
				CLANG_WARN__DUPLICATE_METHOD_MATCH = YES;
				COPY_PHASE_STRIP = NO;
				DEBUG_INFORMATION_FORMAT = dwarf;
				ENABLE_STRICT_OBJC_MSGSEND = YES;
				ENABLE_TESTABILITY = YES;
				GCC_C_LANGUAGE_STANDARD = gnu11;
				GCC_DYNAMIC_NO_PIC = NO;
				GCC_NO_COMMON_BLOCKS = YES;
				GCC_OPTIMIZATION_LEVEL = 0;
				GCC_PREPROCESSOR_DEFINITIONS = (
					"DEBUG=1",
					"$(inherited)",
				);
				GCC_WARN_64_TO_32_BIT_CONVERSION = YES;
				GCC_WARN_ABOUT_RETURN_TYPE = YES_ERROR;
				GCC_WARN_UNDECLARED_SELECTOR = YES;
				GCC_WARN_UNINITIALIZED_AUTOS = YES_AGGRESSIVE;
				GCC_WARN_UNUSED_FUNCTION = YES;
				GCC_WARN_UNUSED_VARIABLE = YES;
				IPHONEOS_DEPLOYMENT_TARGET = 16.1;
				MTL_ENABLE_DEBUG_INFO = INCLUDE_SOURCE;
				MTL_FAST_MATH = YES;
				ONLY_ACTIVE_ARCH = YES;
				SDKROOT = iphoneos;
				SWIFT_ACTIVE_COMPILATION_CONDITIONS = DEBUG;
				SWIFT_OPTIMIZATION_LEVEL = "-Onone";
			};
			name = Debug;
		};
		4806E8B3295519C100D40672 /* Release */ = {
			isa = XCBuildConfiguration;
			buildSettings = {
				ALWAYS_SEARCH_USER_PATHS = NO;
				CLANG_ANALYZER_NONNULL = YES;
				CLANG_ANALYZER_NUMBER_OBJECT_CONVERSION = YES_AGGRESSIVE;
				CLANG_CXX_LANGUAGE_STANDARD = "gnu++20";
				CLANG_ENABLE_MODULES = YES;
				CLANG_ENABLE_OBJC_ARC = YES;
				CLANG_ENABLE_OBJC_WEAK = YES;
				CLANG_WARN_BLOCK_CAPTURE_AUTORELEASING = YES;
				CLANG_WARN_BOOL_CONVERSION = YES;
				CLANG_WARN_COMMA = YES;
				CLANG_WARN_CONSTANT_CONVERSION = YES;
				CLANG_WARN_DEPRECATED_OBJC_IMPLEMENTATIONS = YES;
				CLANG_WARN_DIRECT_OBJC_ISA_USAGE = YES_ERROR;
				CLANG_WARN_DOCUMENTATION_COMMENTS = YES;
				CLANG_WARN_EMPTY_BODY = YES;
				CLANG_WARN_ENUM_CONVERSION = YES;
				CLANG_WARN_INFINITE_RECURSION = YES;
				CLANG_WARN_INT_CONVERSION = YES;
				CLANG_WARN_NON_LITERAL_NULL_CONVERSION = YES;
				CLANG_WARN_OBJC_IMPLICIT_RETAIN_SELF = YES;
				CLANG_WARN_OBJC_LITERAL_CONVERSION = YES;
				CLANG_WARN_OBJC_ROOT_CLASS = YES_ERROR;
				CLANG_WARN_QUOTED_INCLUDE_IN_FRAMEWORK_HEADER = YES;
				CLANG_WARN_RANGE_LOOP_ANALYSIS = YES;
				CLANG_WARN_STRICT_PROTOTYPES = YES;
				CLANG_WARN_SUSPICIOUS_MOVE = YES;
				CLANG_WARN_UNGUARDED_AVAILABILITY = YES_AGGRESSIVE;
				CLANG_WARN_UNREACHABLE_CODE = YES;
				CLANG_WARN__DUPLICATE_METHOD_MATCH = YES;
				COPY_PHASE_STRIP = NO;
				DEBUG_INFORMATION_FORMAT = "dwarf-with-dsym";
				ENABLE_NS_ASSERTIONS = NO;
				ENABLE_STRICT_OBJC_MSGSEND = YES;
				GCC_C_LANGUAGE_STANDARD = gnu11;
				GCC_NO_COMMON_BLOCKS = YES;
				GCC_WARN_64_TO_32_BIT_CONVERSION = YES;
				GCC_WARN_ABOUT_RETURN_TYPE = YES_ERROR;
				GCC_WARN_UNDECLARED_SELECTOR = YES;
				GCC_WARN_UNINITIALIZED_AUTOS = YES_AGGRESSIVE;
				GCC_WARN_UNUSED_FUNCTION = YES;
				GCC_WARN_UNUSED_VARIABLE = YES;
				IPHONEOS_DEPLOYMENT_TARGET = 16.1;
				MTL_ENABLE_DEBUG_INFO = NO;
				MTL_FAST_MATH = YES;
				SDKROOT = iphoneos;
				SWIFT_COMPILATION_MODE = wholemodule;
				SWIFT_OPTIMIZATION_LEVEL = "-O";
				VALIDATE_PRODUCT = YES;
			};
			name = Release;
		};
		4806E8B5295519C100D40672 /* Debug */ = {
			isa = XCBuildConfiguration;
			buildSettings = {
				ASSETCATALOG_COMPILER_APPICON_NAME = AppIcon;
				ASSETCATALOG_COMPILER_GLOBAL_ACCENT_COLOR_NAME = AccentColor;
				CODE_SIGN_STYLE = Automatic;
				CURRENT_PROJECT_VERSION = 1;
				DEVELOPMENT_TEAM = 4VMTKGDC5W;
				GENERATE_INFOPLIST_FILE = YES;
				INFOPLIST_FILE = GithubApp/Info.plist;
				INFOPLIST_KEY_UIApplicationSupportsIndirectInputEvents = YES;
				INFOPLIST_KEY_UILaunchStoryboardName = LaunchScreen;
				INFOPLIST_KEY_UISupportedInterfaceOrientations_iPad = "UIInterfaceOrientationPortrait UIInterfaceOrientationPortraitUpsideDown UIInterfaceOrientationLandscapeLeft UIInterfaceOrientationLandscapeRight";
				INFOPLIST_KEY_UISupportedInterfaceOrientations_iPhone = "UIInterfaceOrientationPortrait UIInterfaceOrientationLandscapeLeft UIInterfaceOrientationLandscapeRight";
				IPHONEOS_DEPLOYMENT_TARGET = 15.6;
				LD_RUNPATH_SEARCH_PATHS = (
					"$(inherited)",
					"@executable_path/Frameworks",
				);
				MARKETING_VERSION = 1.0;
				PRODUCT_BUNDLE_IDENTIFIER = com.giovannamoeller.GithubApp;
				PRODUCT_NAME = "$(TARGET_NAME)";
				SWIFT_EMIT_LOC_STRINGS = YES;
				SWIFT_VERSION = 5.0;
				TARGETED_DEVICE_FAMILY = "1,2";
			};
			name = Debug;
		};
		4806E8B6295519C100D40672 /* Release */ = {
			isa = XCBuildConfiguration;
			buildSettings = {
				ASSETCATALOG_COMPILER_APPICON_NAME = AppIcon;
				ASSETCATALOG_COMPILER_GLOBAL_ACCENT_COLOR_NAME = AccentColor;
				CODE_SIGN_STYLE = Automatic;
				CURRENT_PROJECT_VERSION = 1;
				DEVELOPMENT_TEAM = 4VMTKGDC5W;
				GENERATE_INFOPLIST_FILE = YES;
				INFOPLIST_FILE = GithubApp/Info.plist;
				INFOPLIST_KEY_UIApplicationSupportsIndirectInputEvents = YES;
				INFOPLIST_KEY_UILaunchStoryboardName = LaunchScreen;
				INFOPLIST_KEY_UISupportedInterfaceOrientations_iPad = "UIInterfaceOrientationPortrait UIInterfaceOrientationPortraitUpsideDown UIInterfaceOrientationLandscapeLeft UIInterfaceOrientationLandscapeRight";
				INFOPLIST_KEY_UISupportedInterfaceOrientations_iPhone = "UIInterfaceOrientationPortrait UIInterfaceOrientationLandscapeLeft UIInterfaceOrientationLandscapeRight";
				IPHONEOS_DEPLOYMENT_TARGET = 15.6;
				LD_RUNPATH_SEARCH_PATHS = (
					"$(inherited)",
					"@executable_path/Frameworks",
				);
				MARKETING_VERSION = 1.0;
				PRODUCT_BUNDLE_IDENTIFIER = com.giovannamoeller.GithubApp;
				PRODUCT_NAME = "$(TARGET_NAME)";
				SWIFT_EMIT_LOC_STRINGS = YES;
				SWIFT_VERSION = 5.0;
				TARGETED_DEVICE_FAMILY = "1,2";
			};
			name = Release;
		};
/* End XCBuildConfiguration section */

/* Begin XCConfigurationList section */
		4806E89B295519BF00D40672 /* Build configuration list for PBXProject "GithubApp" */ = {
			isa = XCConfigurationList;
			buildConfigurations = (
				4806E8B2295519C100D40672 /* Debug */,
				4806E8B3295519C100D40672 /* Release */,
			);
			defaultConfigurationIsVisible = 0;
			defaultConfigurationName = Release;
		};
		4806E8B4295519C100D40672 /* Build configuration list for PBXNativeTarget "GithubApp" */ = {
			isa = XCConfigurationList;
			buildConfigurations = (
				4806E8B5295519C100D40672 /* Debug */,
				4806E8B6295519C100D40672 /* Release */,
			);
			defaultConfigurationIsVisible = 0;
			defaultConfigurationName = Release;
		};
/* End XCConfigurationList section */
	};
	rootObject = 4806E898295519BF00D40672 /* Project object */;
}
